github.com/avast/retry-go/v4 v4.7.0 h1:yjDs35SlGvKwRNSykujfjdMxMhMQQM0TnIjJaHB+Zio=
github.com/avast/retry-go/v4 v4.7.0/go.mod h1:ZMPDa3sY2bKgpLtap9JRUgk2yTAba7cgiFhqxY2Sg6Q=
github.com/cenkalti/backoff/v5 v5.0.3 h1:ZN+IMa753KfX5hd8vVaMixjnqRZ3y8CuJKRKj1xcsSM=
github.com/cenkalti/backoff/v5 v5.0.3/go.mod h1:rkhZdG3JZukswDf7f0cwqPNk4K0sa+F97BxZthm/crw=
github.com/cespare/xxhash/v2 v2.3.0 h1:UL815xU9SqsFlibzuggzjXhog7bL6oX9BbNZnL2UFvs=
github.com/cespare/xxhash/v2 v2.3.0/go.mod h1:VGX0DQ3Q6kWi7AoAeZDth3/j3BFtOZR5XLFGgcrjCOs=
github.com/failsafe-go/failsafe-go v0.9.8 h1:NzahTEc+vg6FqCJV0Sy9mgwcaCemB81c8iSHWTF/urU=
github.com/failsafe-go/failsafe-go v0.9.8/go.mod h1:wMKUFRbxxjWwvwhJttSiim9BaQssrlZV4lk0IwPkwUc=
github.com/faustbrian/go-circuit-breaker v1.0.1 h1:lClA7sa8CItC6KRAlQxR3nuqaq8dx+2yt5HfJmXefPc=
github.com/faustbrian/go-circuit-breaker v1.0.1/go.mod h1:Mf7ob9yMmEnsrw7t2mnYkgmRqyXAgPiH3eovU3IJTyQ=
github.com/faustbrian/go-fault-injection/v2 v2.0.0 h1:wu2UfZ4YOmtlMEf2kfJeA02bApiO/YXpNqGl51VLF5M=
github.com/faustbrian/go-fault-injection/v2 v2.0.0/go.mod h1:Dj4dPSPCBr6/9QxLrGc54oZZHm10UpoeWYulsNAj72g=
github.com/faustbrian/go-resilience v1.0.0 h1:QLeIh9xvcc5XJ3ANGjk8P7BCbuNFNOWoXkHJdIZJOWM=
github.com/faustbrian/go-resilience v1.0.0/go.mod h1:Mae7tmxMXqaSjuOyhIK8Jjq36oBE64+KOvIaLYh2dp8=
github.com/faustbrian/go-resilience/v2 v2.0.0 h1:QobjogckeYjQlkFs3ajWTB14SDSJrHqJiT9JQgkX9RI=
github.com/faustbrian/go-resilience/v2 v2.0.0/go.mod h1:Xiz5riZS/zpYEZP8hph1p94W4oWJ5YpKDSMFXa97szM=
github.com/faustbrian/go-retry/v2 v2.1.0 h1:TctzNIIDvO11MdMad2okdGYMZNmUkG5HrSP+DI5dPxk=
github.com/faustbrian/go-retry/v2 v2.1.0/go.mod h1:iav9jQo/xqxIGdKkvuHeQv/sdBeBhIH6hPEMr4xVTGY=
github.com/jackc/pgpassfile v1.0.0 h1:/6Hmqy13Ss2zCq62VdNG8tM1wchn8zjSGOBJ6icpsIM=
github.com/jackc/pgpassfile v1.0.0/go.mod h1:CEx0iS5ambNFdcRtxPj5JhEz+xB6uRky5eyVu/W2HEg=
github.com/jackc/pgservicefile v0.0.0-20240606120523-5a60cdf6a761 h1:iCEnooe7UlwOQYpKFhBabPMi4aNAfoODPEFNiAnClxo=
github.com/jackc/pgservicefile v0.0.0-20240606120523-5a60cdf6a761/go.mod h1:5TJZWKEWniPve33vlWYSoGYefn3gLQRzjfDlhSJ9ZKM=
github.com/jackc/pgx/v5 v5.11.0 h1:IzBBtyK9AHqf98cctWFifYSci2hgQR/cd56wB4p+ogg=
github.com/jackc/pgx/v5 v5.11.0/go.mod h1:mal1tBGAFfLHvZzaYh77YS/eC6IX9OWbRV1QIIM0Jn4=
go.opentelemetry.io/otel v1.46.0 h1:FHt5/CDyVxi/8IM1CH7VE/rRgq3kLHa2mSTVMO8AWyc=
go.opentelemetry.io/otel v1.46.0/go.mod h1:Gj3SEScelsNC45tp4nSxRYlS+f5iez7W8XPMCt905kE=
go.opentelemetry.io/otel/metric v1.46.0 h1:yBnkXvgV7AXFILZc5K6IZe/CBFF3OS7BJ8ov6/lj0K8=
go.opentelemetry.io/otel/metric v1.46.0/go.mod h1:iPmdWqifKUdzziPkvvzIJXITl56fQx2mGM/DHLB3/2o=
go.uber.org/goleak v1.3.0 h1:2K3zAYmnTNqV73imy9J1T3WC+gmCePx2hEGkimedGto=
go.uber.org/goleak v1.3.0/go.mod h1:CoHD4mav9JJNrW/WLlf7HGZPjdw8EucARQHekz1X6bE=
golang.org/x/text v0.41.0 h1:vz/seA0lnX87Othu2f/0L24RcgrXD9/YFTSuGjj3rH8=
golang.org/x/text v0.41.0/go.mod h1:jvf1O8ajNzZqhSrQBPbutR/EB83Cc0CFrezNQIwbb5M=
