github.com/avast/retry-go/v4 v4.7.0 h1:yjDs35SlGvKwRNSykujfjdMxMhMQQM0TnIjJaHB+Zio=
github.com/avast/retry-go/v4 v4.7.0/go.mod h1:ZMPDa3sY2bKgpLtap9JRUgk2yTAba7cgiFhqxY2Sg6Q=
github.com/cenkalti/backoff/v5 v5.0.3 h1:ZN+IMa753KfX5hd8vVaMixjnqRZ3y8CuJKRKj1xcsSM=
github.com/cenkalti/backoff/v5 v5.0.3/go.mod h1:rkhZdG3JZukswDf7f0cwqPNk4K0sa+F97BxZthm/crw=
github.com/failsafe-go/failsafe-go v0.9.6 h1:vPSH2cry0Ee5cnR9wc9qshCDO6jdrMA9elBJNwyo4Uk=
github.com/failsafe-go/failsafe-go v0.9.6/go.mod h1:IeRpglkcwzKagjDMh90ZhN2l4Ovt3+jemQBUbThag54=
github.com/faustbrian/go-circuit-breaker v1.0.0 h1:vPaznZ+Mxd8CUdubIfa5klAxr/2TileSIqL36Jkpy6Y=
github.com/faustbrian/go-circuit-breaker v1.0.0/go.mod h1:tJ8Xfrv6DG0NiGErqKERXkiBLsyNzOIZ5MZVoD36jEU=
github.com/faustbrian/go-fault-injection v1.0.0 h1:M7rjS/tHvua16qZcJsaQht46O3Zhr1j4c0wwhdBaSCM=
github.com/faustbrian/go-fault-injection v1.0.0/go.mod h1:R28hxf8fsgFIObn7W7O9pznu8EOWCVvCdhphKFvRptU=
github.com/faustbrian/go-resilience v1.0.0 h1:ucHzFBSHN77iuB905UvVNh9digVDKHOsbFT5wDuW7BY=
github.com/faustbrian/go-resilience v1.0.0/go.mod h1:Mae7tmxMXqaSjuOyhIK8Jjq36oBE64+KOvIaLYh2dp8=
github.com/faustbrian/go-retry v1.0.0 h1:93qy9KtDdMqKrQS8ut6yChrMGc4PNUJ0a6G6kRShrbA=
github.com/faustbrian/go-retry v1.0.0/go.mod h1:j4dVz5BmIqhx+jwx6JvSTEbnK5KCf5yIH6LSirDR19w=
go.uber.org/goleak v1.3.0 h1:2K3zAYmnTNqV73imy9J1T3WC+gmCePx2hEGkimedGto=
go.uber.org/goleak v1.3.0/go.mod h1:CoHD4mav9JJNrW/WLlf7HGZPjdw8EucARQHekz1X6bE=
